
Microsoft Visual Studio Solution File, Format Version 12.00
# Visual Studio Version 16
VisualStudioVersion = 16.0.30907.101
MinimumVisualStudioVersion = 10.0.40219.1
Project("{FAE04EC0-301F-11D3-BF4B-00C04F79EFBC}") = "GameBackend", "GameBackend\GameBackend.csproj", "{CF00DF83-7AFE-4396-861C-0D57A7F42497}"
EndProject
Global
	GlobalSection(SolutionConfigurationPlatforms) = preSolution
		Debug|Any CPU = Debug|Any CPU
		Release|Any CPU = Release|Any CPU
	EndGlobalSection
	GlobalSection(ProjectConfigurationPlatforms) = postSolution
		{CF00DF83-7AFE-4396-861C-0D57A7F42497}.Debug|Any CPU.ActiveCfg = Debug|Any CPU
		{CF00DF83-7AFE-4396-861C-0D57A7F42497}.Debug|Any CPU.Build.0 = Debug|Any CPU
		{CF00DF83-7AFE-4396-861C-0D57A7F42497}.Release|Any CPU.ActiveCfg = Release|Any CPU
		{CF00DF83-7AFE-4396-861C-0D57A7F42497}.Release|Any CPU.Build.0 = Release|Any CPU
	EndGlobalSection
	GlobalSection(SolutionProperties) = preSolution
		HideSolutionNode = FALSE
	EndGlobalSection
	GlobalSection(ExtensibilityGlobals) = postSolution
		SolutionGuid = {08BBA9E9-0E18-4F57-A2F8-8297F26EC980}
	EndGlobalSection
EndGlobal
